// !$*UTF8*$!
{
	archiveVersion = 1;
	classes = {
	};
	objectVersion = 46;
	objects = {

/* Begin PBXBuildFile section */
		1512EE141865A21E00A9BA0B /* KFSquareButton.m in Sources */ = {isa = PBXBuildFile; fileRef = 1512EE131865A21E00A9BA0B /* KFSquareButton.m */; };
		1512EE171865C5A900A9BA0B /* KFPiece.m in Sources */ = {isa = PBXBuildFile; fileRef = 1512EE161865C5A900A9BA0B /* KFPiece.m */; };
		1512EE1A1865D2EE00A9BA0B /* KFKaku.m in Sources */ = {isa = PBXBuildFile; fileRef = 1512EE191865D2EE00A9BA0B /* KFKaku.m */; };
		1512EE1D1865D7ED00A9BA0B /* KFFu.m in Sources */ = {isa = PBXBuildFile; fileRef = 1512EE1C1865D7ED00A9BA0B /* KFFu.m */; };
		1512EE2018668F4500A9BA0B /* KFKyosha.m in Sources */ = {isa = PBXBuildFile; fileRef = 1512EE1F18668F4500A9BA0B /* KFKyosha.m */; };
		1512EE23186690C300A9BA0B /* KFKeima.m in Sources */ = {isa = PBXBuildFile; fileRef = 1512EE22186690C300A9BA0B /* KFKeima.m */; };
		1512EE26186690F300A9BA0B /* KFGin.m in Sources */ = {isa = PBXBuildFile; fileRef = 1512EE25186690F300A9BA0B /* KFGin.m */; };
		1512EE291866912F00A9BA0B /* KFKin.m in Sources */ = {isa = PBXBuildFile; fileRef = 1512EE281866912F00A9BA0B /* KFKin.m */; };
		1512EE2C1866915600A9BA0B /* KFGyoku.m in Sources */ = {isa = PBXBuildFile; fileRef = 1512EE2B1866915600A9BA0B /* KFGyoku.m */; };
		1512EE2F1866918000A9BA0B /* KFHisha.m in Sources */ = {isa = PBXBuildFile; fileRef = 1512EE2E1866918000A9BA0B /* KFHisha.m */; };
		1512EE4E186AE58E00A9BA0B /* KFCapturedPieceButton.m in Sources */ = {isa = PBXBuildFile; fileRef = 1512EE4D186AE58E00A9BA0B /* KFCapturedPieceButton.m */; };
		1512EE51186FCFF800A9BA0B /* KFTokin.m in Sources */ = {isa = PBXBuildFile; fileRef = 1512EE50186FCFF800A9BA0B /* KFTokin.m */; };
		1512EE54186FD2F900A9BA0B /* KFNarigin.m in Sources */ = {isa = PBXBuildFile; fileRef = 1512EE53186FD2F900A9BA0B /* KFNarigin.m */; };
		1512EE57186FD30900A9BA0B /* KFNarikei.m in Sources */ = {isa = PBXBuildFile; fileRef = 1512EE56186FD30900A9BA0B /* KFNarikei.m */; };
		1512EE5A186FD31600A9BA0B /* KFNarikyo.m in Sources */ = {isa = PBXBuildFile; fileRef = 1512EE59186FD31600A9BA0B /* KFNarikyo.m */; };
		1512EE5D186FD32900A9BA0B /* KFUma.m in Sources */ = {isa = PBXBuildFile; fileRef = 1512EE5C186FD32900A9BA0B /* KFUma.m */; };
		1512EE60186FD33600A9BA0B /* KFRyu.m in Sources */ = {isa = PBXBuildFile; fileRef = 1512EE5F186FD33500A9BA0B /* KFRyu.m */; };
		15B46B5A1872578D00FDDD0F /* Icon.png in Resources */ = {isa = PBXBuildFile; fileRef = 15B46B591872578D00FDDD0F /* Icon.png */; };
		15B46B5C1872584200FDDD0F /* Default-568h@2x.png in Resources */ = {isa = PBXBuildFile; fileRef = 15B46B5B1872584200FDDD0F /* Default-568h@2x.png */; };
		15EB85621880DAC700675C17 /* Icon@2x.png in Resources */ = {isa = PBXBuildFile; fileRef = 15EB85611880DAC700675C17 /* Icon@2x.png */; };
		15FE2EC7184AFBAC00D00F92 /* Foundation.framework in Frameworks */ = {isa = PBXBuildFile; fileRef = 15FE2EC6184AFBAC00D00F92 /* Foundation.framework */; };
		15FE2EC9184AFBAC00D00F92 /* CoreGraphics.framework in Frameworks */ = {isa = PBXBuildFile; fileRef = 15FE2EC8184AFBAC00D00F92 /* CoreGraphics.framework */; };
		15FE2ECB184AFBAC00D00F92 /* UIKit.framework in Frameworks */ = {isa = PBXBuildFile; fileRef = 15FE2ECA184AFBAC00D00F92 /* UIKit.framework */; };
		15FE2ED1184AFBAC00D00F92 /* InfoPlist.strings in Resources */ = {isa = PBXBuildFile; fileRef = 15FE2ECF184AFBAC00D00F92 /* InfoPlist.strings */; };
		15FE2ED3184AFBAC00D00F92 /* main.m in Sources */ = {isa = PBXBuildFile; fileRef = 15FE2ED2184AFBAC00D00F92 /* main.m */; };
		15FE2ED7184AFBAC00D00F92 /* KFAppDelegate.m in Sources */ = {isa = PBXBuildFile; fileRef = 15FE2ED6184AFBAC00D00F92 /* KFAppDelegate.m */; };
		15FE2EDD184AFBAC00D00F92 /* KFViewController.m in Sources */ = {isa = PBXBuildFile; fileRef = 15FE2EDC184AFBAC00D00F92 /* KFViewController.m */; };
		15FE2EDF184AFBAC00D00F92 /* Images.xcassets in Resources */ = {isa = PBXBuildFile; fileRef = 15FE2EDE184AFBAC00D00F92 /* Images.xcassets */; };
		15FE2EE6184AFBAC00D00F92 /* XCTest.framework in Frameworks */ = {isa = PBXBuildFile; fileRef = 15FE2EE5184AFBAC00D00F92 /* XCTest.framework */; };
		15FE2EE7184AFBAC00D00F92 /* Foundation.framework in Frameworks */ = {isa = PBXBuildFile; fileRef = 15FE2EC6184AFBAC00D00F92 /* Foundation.framework */; };
		15FE2EE8184AFBAC00D00F92 /* UIKit.framework in Frameworks */ = {isa = PBXBuildFile; fileRef = 15FE2ECA184AFBAC00D00F92 /* UIKit.framework */; };
		15FE2EF0184AFBAC00D00F92 /* InfoPlist.strings in Resources */ = {isa = PBXBuildFile; fileRef = 15FE2EEE184AFBAC00D00F92 /* InfoPlist.strings */; };
		15FE2EF2184AFBAC00D00F92 /* ShogiBoardTests.m in Sources */ = {isa = PBXBuildFile; fileRef = 15FE2EF1184AFBAC00D00F92 /* ShogiBoardTests.m */; };
		15FE2F01184AFD3900D00F92 /* KFTitleViewController.m in Sources */ = {isa = PBXBuildFile; fileRef = 15FE2EFF184AFD3900D00F92 /* KFTitleViewController.m */; };
		15FE2F02184AFD3900D00F92 /* KFTitleViewController.xib in Resources */ = {isa = PBXBuildFile; fileRef = 15FE2F00184AFD3900D00F92 /* KFTitleViewController.xib */; };
		15FE2F06184B011A00D00F92 /* KFBoardViewController.m in Sources */ = {isa = PBXBuildFile; fileRef = 15FE2F04184B011A00D00F92 /* KFBoardViewController.m */; };
		15FE2F07184B011A00D00F92 /* KFBoardViewController.xib in Resources */ = {isa = PBXBuildFile; fileRef = 15FE2F05184B011A00D00F92 /* KFBoardViewController.xib */; };
		15FE2F0A184B02BA00D00F92 /* japanese-chess-b02.jpg in Resources */ = {isa = PBXBuildFile; fileRef = 15FE2F09184B02BA00D00F92 /* japanese-chess-b02.jpg */; };
		15FE2F2B184B088E00D00F92 /* g_fu.png in Resources */ = {isa = PBXBuildFile; fileRef = 15FE2F0D184B088E00D00F92 /* g_fu.png */; };
		15FE2F2C184B088E00D00F92 /* g_gin.png in Resources */ = {isa = PBXBuildFile; fileRef = 15FE2F0E184B088E00D00F92 /* g_gin.png */; };
		15FE2F2D184B088E00D00F92 /* g_gyoku.png in Resources */ = {isa = PBXBuildFile; fileRef = 15FE2F0F184B088E00D00F92 /* g_gyoku.png */; };
		15FE2F2F184B088E00D00F92 /* g_kaku.png in Resources */ = {isa = PBXBuildFile; fileRef = 15FE2F11184B088E00D00F92 /* g_kaku.png */; };
		15FE2F30184B088E00D00F92 /* g_kei.png in Resources */ = {isa = PBXBuildFile; fileRef = 15FE2F12184B088E00D00F92 /* g_kei.png */; };
		15FE2F31184B088E00D00F92 /* g_kin.png in Resources */ = {isa = PBXBuildFile; fileRef = 15FE2F13184B088E00D00F92 /* g_kin.png */; };
		15FE2F32184B088E00D00F92 /* g_kyo.png in Resources */ = {isa = PBXBuildFile; fileRef = 15FE2F14184B088E00D00F92 /* g_kyo.png */; };
		15FE2F33184B088E00D00F92 /* g_narigin.png in Resources */ = {isa = PBXBuildFile; fileRef = 15FE2F15184B088E00D00F92 /* g_narigin.png */; };
		15FE2F34184B088E00D00F92 /* g_narikei.png in Resources */ = {isa = PBXBuildFile; fileRef = 15FE2F16184B088E00D00F92 /* g_narikei.png */; };
		15FE2F35184B088E00D00F92 /* g_narikyo.png in Resources */ = {isa = PBXBuildFile; fileRef = 15FE2F17184B088E00D00F92 /* g_narikyo.png */; };
		15FE2F36184B088E00D00F92 /* g_ou.png in Resources */ = {isa = PBXBuildFile; fileRef = 15FE2F18184B088E00D00F92 /* g_ou.png */; };
		15FE2F37184B088E00D00F92 /* g_ryu.png in Resources */ = {isa = PBXBuildFile; fileRef = 15FE2F19184B088E00D00F92 /* g_ryu.png */; };
		15FE2F38184B088E00D00F92 /* g_to.png in Resources */ = {isa = PBXBuildFile; fileRef = 15FE2F1A184B088E00D00F92 /* g_to.png */; };
		15FE2F39184B088E00D00F92 /* g_uma.png in Resources */ = {isa = PBXBuildFile; fileRef = 15FE2F1B184B088E00D00F92 /* g_uma.png */; };
		15FE2F3A184B088E00D00F92 /* s_fu.png in Resources */ = {isa = PBXBuildFile; fileRef = 15FE2F1C184B088E00D00F92 /* s_fu.png */; };
		15FE2F3B184B088E00D00F92 /* s_gin.png in Resources */ = {isa = PBXBuildFile; fileRef = 15FE2F1D184B088E00D00F92 /* s_gin.png */; };
		15FE2F3C184B088E00D00F92 /* s_gyoku.png in Resources */ = {isa = PBXBuildFile; fileRef = 15FE2F1E184B088E00D00F92 /* s_gyoku.png */; };
		15FE2F3D184B088E00D00F92 /* s_hisha.png in Resources */ = {isa = PBXBuildFile; fileRef = 15FE2F1F184B088E00D00F92 /* s_hisha.png */; };
		15FE2F3E184B088E00D00F92 /* s_kaku.png in Resources */ = {isa = PBXBuildFile; fileRef = 15FE2F20184B088E00D00F92 /* s_kaku.png */; };
		15FE2F3F184B088E00D00F92 /* s_kei.png in Resources */ = {isa = PBXBuildFile; fileRef = 15FE2F21184B088E00D00F92 /* s_kei.png */; };
		15FE2F40184B088E00D00F92 /* s_kin.png in Resources */ = {isa = PBXBuildFile; fileRef = 15FE2F22184B088E00D00F92 /* s_kin.png */; };
		15FE2F41184B088E00D00F92 /* s_kyo.png in Resources */ = {isa = PBXBuildFile; fileRef = 15FE2F23184B088E00D00F92 /* s_kyo.png */; };
		15FE2F42184B088E00D00F92 /* s_narigin.png in Resources */ = {isa = PBXBuildFile; fileRef = 15FE2F24184B088E00D00F92 /* s_narigin.png */; };
		15FE2F43184B088E00D00F92 /* s_narikei.png in Resources */ = {isa = PBXBuildFile; fileRef = 15FE2F25184B088E00D00F92 /* s_narikei.png */; };
		15FE2F44184B088E00D00F92 /* s_narikyo.png in Resources */ = {isa = PBXBuildFile; fileRef = 15FE2F26184B088E00D00F92 /* s_narikyo.png */; };
		15FE2F45184B088E00D00F92 /* s_ou.png in Resources */ = {isa = PBXBuildFile; fileRef = 15FE2F27184B088E00D00F92 /* s_ou.png */; };
		15FE2F46184B088E00D00F92 /* s_ryu.png in Resources */ = {isa = PBXBuildFile; fileRef = 15FE2F28184B088E00D00F92 /* s_ryu.png */; };
		15FE2F47184B088E00D00F92 /* s_to.png in Resources */ = {isa = PBXBuildFile; fileRef = 15FE2F29184B088E00D00F92 /* s_to.png */; };
		15FE2F48184B088E00D00F92 /* s_uma.png in Resources */ = {isa = PBXBuildFile; fileRef = 15FE2F2A184B088E00D00F92 /* s_uma.png */; };
		15FE2F4A184B209600D00F92 /* g_hisha.png in Resources */ = {isa = PBXBuildFile; fileRef = 15FE2F49184B209600D00F92 /* g_hisha.png */; };
/* End PBXBuildFile section */

/* Begin PBXContainerItemProxy section */
		15FE2EE9184AFBAC00D00F92 /* PBXContainerItemProxy */ = {
			isa = PBXContainerItemProxy;
			containerPortal = 15FE2EBB184AFBAC00D00F92 /* Project object */;
			proxyType = 1;
			remoteGlobalIDString = 15FE2EC2184AFBAC00D00F92;
			remoteInfo = Kifoo;
		};
/* End PBXContainerItemProxy section */

/* Begin PBXFileReference section */
		1512EE121865A21E00A9BA0B /* KFSquareButton.h */ = {isa = PBXFileReference; fileEncoding = 4; lastKnownFileType = sourcecode.c.h; name = KFSquareButton.h; path = View/KFSquareButton.h; sourceTree = "<group>"; };
		1512EE131865A21E00A9BA0B /* KFSquareButton.m */ = {isa = PBXFileReference; fileEncoding = 4; lastKnownFileType = sourcecode.c.objc; name = KFSquareButton.m; path = View/KFSquareButton.m; sourceTree = "<group>"; };
		1512EE151865C5A900A9BA0B /* KFPiece.h */ = {isa = PBXFileReference; fileEncoding = 4; lastKnownFileType = sourcecode.c.h; name = KFPiece.h; path = Model/KFPiece.h; sourceTree = "<group>"; };
		1512EE161865C5A900A9BA0B /* KFPiece.m */ = {isa = PBXFileReference; fileEncoding = 4; lastKnownFileType = sourcecode.c.objc; name = KFPiece.m; path = Model/KFPiece.m; sourceTree = "<group>"; };
		1512EE181865D2EE00A9BA0B /* KFKaku.h */ = {isa = PBXFileReference; fileEncoding = 4; lastKnownFileType = sourcecode.c.h; name = KFKaku.h; path = Model/KFKaku.h; sourceTree = "<group>"; };
		1512EE191865D2EE00A9BA0B /* KFKaku.m */ = {isa = PBXFileReference; fileEncoding = 4; lastKnownFileType = sourcecode.c.objc; name = KFKaku.m; path = Model/KFKaku.m; sourceTree = "<group>"; };
		1512EE1B1865D7ED00A9BA0B /* KFFu.h */ = {isa = PBXFileReference; fileEncoding = 4; lastKnownFileType = sourcecode.c.h; name = KFFu.h; path = Model/KFFu.h; sourceTree = "<group>"; };
		1512EE1C1865D7ED00A9BA0B /* KFFu.m */ = {isa = PBXFileReference; fileEncoding = 4; lastKnownFileType = sourcecode.c.objc; name = KFFu.m; path = Model/KFFu.m; sourceTree = "<group>"; };
		1512EE1E18668F4500A9BA0B /* KFKyosha.h */ = {isa = PBXFileReference; fileEncoding = 4; lastKnownFileType = sourcecode.c.h; name = KFKyosha.h; path = Model/KFKyosha.h; sourceTree = "<group>"; };
		1512EE1F18668F4500A9BA0B /* KFKyosha.m */ = {isa = PBXFileReference; fileEncoding = 4; lastKnownFileType = sourcecode.c.objc; name = KFKyosha.m; path = Model/KFKyosha.m; sourceTree = "<group>"; };
		1512EE21186690C300A9BA0B /* KFKeima.h */ = {isa = PBXFileReference; fileEncoding = 4; lastKnownFileType = sourcecode.c.h; name = KFKeima.h; path = Model/KFKeima.h; sourceTree = "<group>"; };
		1512EE22186690C300A9BA0B /* KFKeima.m */ = {isa = PBXFileReference; fileEncoding = 4; lastKnownFileType = sourcecode.c.objc; name = KFKeima.m; path = Model/KFKeima.m; sourceTree = "<group>"; };
		1512EE24186690F300A9BA0B /* KFGin.h */ = {isa = PBXFileReference; fileEncoding = 4; lastKnownFileType = sourcecode.c.h; name = KFGin.h; path = Model/KFGin.h; sourceTree = "<group>"; };
		1512EE25186690F300A9BA0B /* KFGin.m */ = {isa = PBXFileReference; fileEncoding = 4; lastKnownFileType = sourcecode.c.objc; name = KFGin.m; path = Model/KFGin.m; sourceTree = "<group>"; };
		1512EE271866912F00A9BA0B /* KFKin.h */ = {isa = PBXFileReference; fileEncoding = 4; lastKnownFileType = sourcecode.c.h; name = KFKin.h; path = Model/KFKin.h; sourceTree = "<group>"; };
		1512EE281866912F00A9BA0B /* KFKin.m */ = {isa = PBXFileReference; fileEncoding = 4; lastKnownFileType = sourcecode.c.objc; name = KFKin.m; path = Model/KFKin.m; sourceTree = "<group>"; };
		1512EE2A1866915600A9BA0B /* KFGyoku.h */ = {isa = PBXFileReference; fileEncoding = 4; lastKnownFileType = sourcecode.c.h; name = KFGyoku.h; path = Model/KFGyoku.h; sourceTree = "<group>"; };
		1512EE2B1866915600A9BA0B /* KFGyoku.m */ = {isa = PBXFileReference; fileEncoding = 4; lastKnownFileType = sourcecode.c.objc; name = KFGyoku.m; path = Model/KFGyoku.m; sourceTree = "<group>"; };
		1512EE2D1866918000A9BA0B /* KFHisha.h */ = {isa = PBXFileReference; fileEncoding = 4; lastKnownFileType = sourcecode.c.h; name = KFHisha.h; path = Model/KFHisha.h; sourceTree = "<group>"; };
		1512EE2E1866918000A9BA0B /* KFHisha.m */ = {isa = PBXFileReference; fileEncoding = 4; lastKnownFileType = sourcecode.c.objc; name = KFHisha.m; path = Model/KFHisha.m; sourceTree = "<group>"; };
		1512EE4C186AE58E00A9BA0B /* KFCapturedPieceButton.h */ = {isa = PBXFileReference; fileEncoding = 4; lastKnownFileType = sourcecode.c.h; name = KFCapturedPieceButton.h; path = View/KFCapturedPieceButton.h; sourceTree = "<group>"; };
		1512EE4D186AE58E00A9BA0B /* KFCapturedPieceButton.m */ = {isa = PBXFileReference; fileEncoding = 4; lastKnownFileType = sourcecode.c.objc; name = KFCapturedPieceButton.m; path = View/KFCapturedPieceButton.m; sourceTree = "<group>"; };
		1512EE4F186FCFF800A9BA0B /* KFTokin.h */ = {isa = PBXFileReference; fileEncoding = 4; lastKnownFileType = sourcecode.c.h; name = KFTokin.h; path = Model/KFTokin.h; sourceTree = "<group>"; };
		1512EE50186FCFF800A9BA0B /* KFTokin.m */ = {isa = PBXFileReference; fileEncoding = 4; lastKnownFileType = sourcecode.c.objc; name = KFTokin.m; path = Model/KFTokin.m; sourceTree = "<group>"; };
		1512EE52186FD2F900A9BA0B /* KFNarigin.h */ = {isa = PBXFileReference; fileEncoding = 4; lastKnownFileType = sourcecode.c.h; name = KFNarigin.h; path = Model/KFNarigin.h; sourceTree = "<group>"; };
		1512EE53186FD2F900A9BA0B /* KFNarigin.m */ = {isa = PBXFileReference; fileEncoding = 4; lastKnownFileType = sourcecode.c.objc; name = KFNarigin.m; path = Model/KFNarigin.m; sourceTree = "<group>"; };
		1512EE55186FD30900A9BA0B /* KFNarikei.h */ = {isa = PBXFileReference; fileEncoding = 4; lastKnownFileType = sourcecode.c.h; name = KFNarikei.h; path = Model/KFNarikei.h; sourceTree = "<group>"; };
		1512EE56186FD30900A9BA0B /* KFNarikei.m */ = {isa = PBXFileReference; fileEncoding = 4; lastKnownFileType = sourcecode.c.objc; name = KFNarikei.m; path = Model/KFNarikei.m; sourceTree = "<group>"; };
		1512EE58186FD31600A9BA0B /* KFNarikyo.h */ = {isa = PBXFileReference; fileEncoding = 4; lastKnownFileType = sourcecode.c.h; name = KFNarikyo.h; path = Model/KFNarikyo.h; sourceTree = "<group>"; };
		1512EE59186FD31600A9BA0B /* KFNarikyo.m */ = {isa = PBXFileReference; fileEncoding = 4; lastKnownFileType = sourcecode.c.objc; name = KFNarikyo.m; path = Model/KFNarikyo.m; sourceTree = "<group>"; };
		1512EE5B186FD32900A9BA0B /* KFUma.h */ = {isa = PBXFileReference; fileEncoding = 4; lastKnownFileType = sourcecode.c.h; name = KFUma.h; path = Model/KFUma.h; sourceTree = "<group>"; };
		1512EE5C186FD32900A9BA0B /* KFUma.m */ = {isa = PBXFileReference; fileEncoding = 4; lastKnownFileType = sourcecode.c.objc; name = KFUma.m; path = Model/KFUma.m; sourceTree = "<group>"; };
		1512EE5E186FD33500A9BA0B /* KFRyu.h */ = {isa = PBXFileReference; fileEncoding = 4; lastKnownFileType = sourcecode.c.h; name = KFRyu.h; path = Model/KFRyu.h; sourceTree = "<group>"; };
		1512EE5F186FD33500A9BA0B /* KFRyu.m */ = {isa = PBXFileReference; fileEncoding = 4; lastKnownFileType = sourcecode.c.objc; name = KFRyu.m; path = Model/KFRyu.m; sourceTree = "<group>"; };
		15B46B591872578D00FDDD0F /* Icon.png */ = {isa = PBXFileReference; lastKnownFileType = image.png; name = Icon.png; path = Resources/Image/Icon.png; sourceTree = "<group>"; };
		15B46B5B1872584200FDDD0F /* Default-568h@2x.png */ = {isa = PBXFileReference; lastKnownFileType = image.png; name = "Default-568h@2x.png"; path = "Resources/Image/Default-568h@2x.png"; sourceTree = "<group>"; };
		15EB85611880DAC700675C17 /* Icon@2x.png */ = {isa = PBXFileReference; lastKnownFileType = image.png; name = "Icon@2x.png"; path = "../../../master/ShogiBoard/Kifoo/Resources/Image/Icon@2x.png"; sourceTree = "<group>"; };
		15FE2EC3184AFBAC00D00F92 /* ShogiBoard.app */ = {isa = PBXFileReference; explicitFileType = wrapper.application; includeInIndex = 0; path = ShogiBoard.app; sourceTree = BUILT_PRODUCTS_DIR; };
		15FE2EC6184AFBAC00D00F92 /* Foundation.framework */ = {isa = PBXFileReference; lastKnownFileType = wrapper.framework; name = Foundation.framework; path = System/Library/Frameworks/Foundation.framework; sourceTree = SDKROOT; };
		15FE2EC8184AFBAC00D00F92 /* CoreGraphics.framework */ = {isa = PBXFileReference; lastKnownFileType = wrapper.framework; name = CoreGraphics.framework; path = System/Library/Frameworks/CoreGraphics.framework; sourceTree = SDKROOT; };
		15FE2ECA184AFBAC00D00F92 /* UIKit.framework */ = {isa = PBXFileReference; lastKnownFileType = wrapper.framework; name = UIKit.framework; path = System/Library/Frameworks/UIKit.framework; sourceTree = SDKROOT; };
		15FE2ECE184AFBAC00D00F92 /* ShogiBoard-Info.plist */ = {isa = PBXFileReference; lastKnownFileType = text.plist.xml; path = "ShogiBoard-Info.plist"; sourceTree = "<group>"; };
		15FE2ED0184AFBAC00D00F92 /* en */ = {isa = PBXFileReference; lastKnownFileType = text.plist.strings; name = en; path = en.lproj/InfoPlist.strings; sourceTree = "<group>"; };
		15FE2ED2184AFBAC00D00F92 /* main.m */ = {isa = PBXFileReference; lastKnownFileType = sourcecode.c.objc; path = main.m; sourceTree = "<group>"; };
		15FE2ED4184AFBAC00D00F92 /* ShogiBoard-Prefix.pch */ = {isa = PBXFileReference; lastKnownFileType = sourcecode.c.h; path = "ShogiBoard-Prefix.pch"; sourceTree = "<group>"; };
		15FE2ED5184AFBAC00D00F92 /* KFAppDelegate.h */ = {isa = PBXFileReference; lastKnownFileType = sourcecode.c.h; path = KFAppDelegate.h; sourceTree = "<group>"; };
		15FE2ED6184AFBAC00D00F92 /* KFAppDelegate.m */ = {isa = PBXFileReference; lastKnownFileType = sourcecode.c.objc; path = KFAppDelegate.m; sourceTree = "<group>"; };
		15FE2EDB184AFBAC00D00F92 /* KFViewController.h */ = {isa = PBXFileReference; lastKnownFileType = sourcecode.c.h; path = KFViewController.h; sourceTree = "<group>"; };
		15FE2EDC184AFBAC00D00F92 /* KFViewController.m */ = {isa = PBXFileReference; lastKnownFileType = sourcecode.c.objc; path = KFViewController.m; sourceTree = "<group>"; };
		15FE2EDE184AFBAC00D00F92 /* Images.xcassets */ = {isa = PBXFileReference; lastKnownFileType = folder; path = Images.xcassets; sourceTree = "<group>"; };
		15FE2EE4184AFBAC00D00F92 /* ShogiBoardTests.xctest */ = {isa = PBXFileReference; explicitFileType = wrapper.cfbundle; includeInIndex = 0; path = ShogiBoardTests.xctest; sourceTree = BUILT_PRODUCTS_DIR; };
		15FE2EE5184AFBAC00D00F92 /* XCTest.framework */ = {isa = PBXFileReference; lastKnownFileType = wrapper.framework; name = XCTest.framework; path = Library/Frameworks/XCTest.framework; sourceTree = DEVELOPER_DIR; };
		15FE2EED184AFBAC00D00F92 /* ShogiBoardTests-Info.plist */ = {isa = PBXFileReference; lastKnownFileType = text.plist.xml; path = "ShogiBoardTests-Info.plist"; sourceTree = "<group>"; };
		15FE2EEF184AFBAC00D00F92 /* en */ = {isa = PBXFileReference; lastKnownFileType = text.plist.strings; name = en; path = en.lproj/InfoPlist.strings; sourceTree = "<group>"; };
		15FE2EF1184AFBAC00D00F92 /* ShogiBoardTests.m */ = {isa = PBXFileReference; lastKnownFileType = sourcecode.c.objc; path = ShogiBoardTests.m; sourceTree = "<group>"; };
		15FE2EFE184AFD3900D00F92 /* KFTitleViewController.h */ = {isa = PBXFileReference; fileEncoding = 4; lastKnownFileType = sourcecode.c.h; name = KFTitleViewController.h; path = controller/KFTitleViewController.h; sourceTree = "<group>"; };
		15FE2EFF184AFD3900D00F92 /* KFTitleViewController.m */ = {isa = PBXFileReference; fileEncoding = 4; lastKnownFileType = sourcecode.c.objc; name = KFTitleViewController.m; path = controller/KFTitleViewController.m; sourceTree = "<group>"; };
		15FE2F00184AFD3900D00F92 /* KFTitleViewController.xib */ = {isa = PBXFileReference; fileEncoding = 4; lastKnownFileType = file.xib; name = KFTitleViewController.xib; path = controller/KFTitleViewController.xib; sourceTree = "<group>"; };
		15FE2F03184B011A00D00F92 /* KFBoardViewController.h */ = {isa = PBXFileReference; fileEncoding = 4; lastKnownFileType = sourcecode.c.h; name = KFBoardViewController.h; path = controller/KFBoardViewController.h; sourceTree = "<group>"; };
		15FE2F04184B011A00D00F92 /* KFBoardViewController.m */ = {isa = PBXFileReference; fileEncoding = 4; lastKnownFileType = sourcecode.c.objc; name = KFBoardViewController.m; path = controller/KFBoardViewController.m; sourceTree = "<group>"; };
		15FE2F05184B011A00D00F92 /* KFBoardViewController.xib */ = {isa = PBXFileReference; fileEncoding = 4; lastKnownFileType = file.xib; name = KFBoardViewController.xib; path = controller/KFBoardViewController.xib; sourceTree = "<group>"; };
		15FE2F09184B02BA00D00F92 /* japanese-chess-b02.jpg */ = {isa = PBXFileReference; lastKnownFileType = image.jpeg; name = "japanese-chess-b02.jpg"; path = "Resources/Image/japanese-chess-b02.jpg"; sourceTree = "<group>"; };
		15FE2F0D184B088E00D00F92 /* g_fu.png */ = {isa = PBXFileReference; lastKnownFileType = image.png; name = g_fu.png; path = Resources/Image/Piece/60x64/g_fu.png; sourceTree = "<group>"; };
		15FE2F0E184B088E00D00F92 /* g_gin.png */ = {isa = PBXFileReference; lastKnownFileType = image.png; name = g_gin.png; path = Resources/Image/Piece/60x64/g_gin.png; sourceTree = "<group>"; };
		15FE2F0F184B088E00D00F92 /* g_gyoku.png */ = {isa = PBXFileReference; lastKnownFileType = image.png; name = g_gyoku.png; path = Resources/Image/Piece/60x64/g_gyoku.png; sourceTree = "<group>"; };
		15FE2F11184B088E00D00F92 /* g_kaku.png */ = {isa = PBXFileReference; lastKnownFileType = image.png; name = g_kaku.png; path = Resources/Image/Piece/60x64/g_kaku.png; sourceTree = "<group>"; };
		15FE2F12184B088E00D00F92 /* g_kei.png */ = {isa = PBXFileReference; lastKnownFileType = image.png; name = g_kei.png; path = Resources/Image/Piece/60x64/g_kei.png; sourceTree = "<group>"; };
		15FE2F13184B088E00D00F92 /* g_kin.png */ = {isa = PBXFileReference; lastKnownFileType = image.png; name = g_kin.png; path = Resources/Image/Piece/60x64/g_kin.png; sourceTree = "<group>"; };
		15FE2F14184B088E00D00F92 /* g_kyo.png */ = {isa = PBXFileReference; lastKnownFileType = image.png; name = g_kyo.png; path = Resources/Image/Piece/60x64/g_kyo.png; sourceTree = "<group>"; };
		15FE2F15184B088E00D00F92 /* g_narigin.png */ = {isa = PBXFileReference; lastKnownFileType = image.png; name = g_narigin.png; path = Resources/Image/Piece/60x64/g_narigin.png; sourceTree = "<group>"; };
		15FE2F16184B088E00D00F92 /* g_narikei.png */ = {isa = PBXFileReference; lastKnownFileType = image.png; name = g_narikei.png; path = Resources/Image/Piece/60x64/g_narikei.png; sourceTree = "<group>"; };
		15FE2F17184B088E00D00F92 /* g_narikyo.png */ = {isa = PBXFileReference; lastKnownFileType = image.png; name = g_narikyo.png; path = Resources/Image/Piece/60x64/g_narikyo.png; sourceTree = "<group>"; };
		15FE2F18184B088E00D00F92 /* g_ou.png */ = {isa = PBXFileReference; lastKnownFileType = image.png; name = g_ou.png; path = Resources/Image/Piece/60x64/g_ou.png; sourceTree = "<group>"; };
		15FE2F19184B088E00D00F92 /* g_ryu.png */ = {isa = PBXFileReference; lastKnownFileType = image.png; name = g_ryu.png; path = Resources/Image/Piece/60x64/g_ryu.png; sourceTree = "<group>"; };
		15FE2F1A184B088E00D00F92 /* g_to.png */ = {isa = PBXFileReference; lastKnownFileType = image.png; name = g_to.png; path = Resources/Image/Piece/60x64/g_to.png; sourceTree = "<group>"; };
		15FE2F1B184B088E00D00F92 /* g_uma.png */ = {isa = PBXFileReference; lastKnownFileType = image.png; name = g_uma.png; path = Resources/Image/Piece/60x64/g_uma.png; sourceTree = "<group>"; };
		15FE2F1C184B088E00D00F92 /* s_fu.png */ = {isa = PBXFileReference; lastKnownFileType = image.png; name = s_fu.png; path = Resources/Image/Piece/60x64/s_fu.png; sourceTree = "<group>"; };
		15FE2F1D184B088E00D00F92 /* s_gin.png */ = {isa = PBXFileReference; lastKnownFileType = image.png; name = s_gin.png; path = Resources/Image/Piece/60x64/s_gin.png; sourceTree = "<group>"; };
		15FE2F1E184B088E00D00F92 /* s_gyoku.png */ = {isa = PBXFileReference; lastKnownFileType = image.png; name = s_gyoku.png; path = Resources/Image/Piece/60x64/s_gyoku.png; sourceTree = "<group>"; };
		15FE2F1F184B088E00D00F92 /* s_hisha.png */ = {isa = PBXFileReference; lastKnownFileType = image.png; name = s_hisha.png; path = Resources/Image/Piece/60x64/s_hisha.png; sourceTree = "<group>"; };
		15FE2F20184B088E00D00F92 /* s_kaku.png */ = {isa = PBXFileReference; lastKnownFileType = image.png; name = s_kaku.png; path = Resources/Image/Piece/60x64/s_kaku.png; sourceTree = "<group>"; };
		15FE2F21184B088E00D00F92 /* s_kei.png */ = {isa = PBXFileReference; lastKnownFileType = image.png; name = s_kei.png; path = Resources/Image/Piece/60x64/s_kei.png; sourceTree = "<group>"; };
		15FE2F22184B088E00D00F92 /* s_kin.png */ = {isa = PBXFileReference; lastKnownFileType = image.png; name = s_kin.png; path = Resources/Image/Piece/60x64/s_kin.png; sourceTree = "<group>"; };
		15FE2F23184B088E00D00F92 /* s_kyo.png */ = {isa = PBXFileReference; lastKnownFileType = image.png; name = s_kyo.png; path = Resources/Image/Piece/60x64/s_kyo.png; sourceTree = "<group>"; };
		15FE2F24184B088E00D00F92 /* s_narigin.png */ = {isa = PBXFileReference; lastKnownFileType = image.png; name = s_narigin.png; path = Resources/Image/Piece/60x64/s_narigin.png; sourceTree = "<group>"; };
		15FE2F25184B088E00D00F92 /* s_narikei.png */ = {isa = PBXFileReference; lastKnownFileType = image.png; name = s_narikei.png; path = Resources/Image/Piece/60x64/s_narikei.png; sourceTree = "<group>"; };
		15FE2F26184B088E00D00F92 /* s_narikyo.png */ = {isa = PBXFileReference; lastKnownFileType = image.png; name = s_narikyo.png; path = Resources/Image/Piece/60x64/s_narikyo.png; sourceTree = "<group>"; };
		15FE2F27184B088E00D00F92 /* s_ou.png */ = {isa = PBXFileReference; lastKnownFileType = image.png; name = s_ou.png; path = Resources/Image/Piece/60x64/s_ou.png; sourceTree = "<group>"; };
		15FE2F28184B088E00D00F92 /* s_ryu.png */ = {isa = PBXFileReference; lastKnownFileType = image.png; name = s_ryu.png; path = Resources/Image/Piece/60x64/s_ryu.png; sourceTree = "<group>"; };
		15FE2F29184B088E00D00F92 /* s_to.png */ = {isa = PBXFileReference; lastKnownFileType = image.png; name = s_to.png; path = Resources/Image/Piece/60x64/s_to.png; sourceTree = "<group>"; };
		15FE2F2A184B088E00D00F92 /* s_uma.png */ = {isa = PBXFileReference; lastKnownFileType = image.png; name = s_uma.png; path = Resources/Image/Piece/60x64/s_uma.png; sourceTree = "<group>"; };
		15FE2F49184B209600D00F92 /* g_hisha.png */ = {isa = PBXFileReference; lastKnownFileType = image.png; name = g_hisha.png; path = Resources/Image/Piece/60x64/g_hisha.png; sourceTree = "<group>"; };
/* End PBXFileReference section */

/* Begin PBXFrameworksBuildPhase section */
		15FE2EC0184AFBAC00D00F92 /* Frameworks */ = {
			isa = PBXFrameworksBuildPhase;
			buildActionMask = 2147483647;
			files = (
				15FE2EC9184AFBAC00D00F92 /* CoreGraphics.framework in Frameworks */,
				15FE2ECB184AFBAC00D00F92 /* UIKit.framework in Frameworks */,
				15FE2EC7184AFBAC00D00F92 /* Foundation.framework in Frameworks */,
			);
			runOnlyForDeploymentPostprocessing = 0;
		};
		15FE2EE1184AFBAC00D00F92 /* Frameworks */ = {
			isa = PBXFrameworksBuildPhase;
			buildActionMask = 2147483647;
			files = (
				15FE2EE6184AFBAC00D00F92 /* XCTest.framework in Frameworks */,
				15FE2EE8184AFBAC00D00F92 /* UIKit.framework in Frameworks */,
				15FE2EE7184AFBAC00D00F92 /* Foundation.framework in Frameworks */,
			);
			runOnlyForDeploymentPostprocessing = 0;
		};
/* End PBXFrameworksBuildPhase section */

/* Begin PBXGroup section */
		15FE2EBA184AFBAC00D00F92 = {
			isa = PBXGroup;
			children = (
				15FE2ECC184AFBAC00D00F92 /* ShogiBoard */,
				15FE2EEB184AFBAC00D00F92 /* ShogiBoardTests */,
				15FE2EC5184AFBAC00D00F92 /* Frameworks */,
				15FE2EC4184AFBAC00D00F92 /* Products */,
			);
			sourceTree = "<group>";
		};
		15FE2EC4184AFBAC00D00F92 /* Products */ = {
			isa = PBXGroup;
			children = (
				15FE2EC3184AFBAC00D00F92 /* ShogiBoard.app */,
				15FE2EE4184AFBAC00D00F92 /* ShogiBoardTests.xctest */,
			);
			name = Products;
			sourceTree = "<group>";
		};
		15FE2EC5184AFBAC00D00F92 /* Frameworks */ = {
			isa = PBXGroup;
			children = (
				15FE2EC6184AFBAC00D00F92 /* Foundation.framework */,
				15FE2EC8184AFBAC00D00F92 /* CoreGraphics.framework */,
				15FE2ECA184AFBAC00D00F92 /* UIKit.framework */,
				15FE2EE5184AFBAC00D00F92 /* XCTest.framework */,
			);
			name = Frameworks;
			sourceTree = "<group>";
		};
		15FE2ECC184AFBAC00D00F92 /* ShogiBoard */ = {
			isa = PBXGroup;
			children = (
				15FE2EFB184AFBF800D00F92 /* Controller */,
				15FE2EFD184AFC0300D00F92 /* Model */,
				15FE2EFC184AFBFE00D00F92 /* View */,
				15FE2EDE184AFBAC00D00F92 /* Images.xcassets */,
				15FE2ED5184AFBAC00D00F92 /* KFAppDelegate.h */,
				15FE2ED6184AFBAC00D00F92 /* KFAppDelegate.m */,
				15FE2EDB184AFBAC00D00F92 /* KFViewController.h */,
				15FE2EDC184AFBAC00D00F92 /* KFViewController.m */,
				15FE2F08184B028300D00F92 /* Resources */,
				15FE2ECD184AFBAC00D00F92 /* Supporting Files */,
			);
			path = ShogiBoard;
			sourceTree = "<group>";
		};
		15FE2ECD184AFBAC00D00F92 /* Supporting Files */ = {
			isa = PBXGroup;
			children = (
				15FE2ECE184AFBAC00D00F92 /* ShogiBoard-Info.plist */,
				15FE2ECF184AFBAC00D00F92 /* InfoPlist.strings */,
				15FE2ED2184AFBAC00D00F92 /* main.m */,
				15FE2ED4184AFBAC00D00F92 /* ShogiBoard-Prefix.pch */,
			);
			name = "Supporting Files";
			sourceTree = "<group>";
		};
		15FE2EEB184AFBAC00D00F92 /* ShogiBoardTests */ = {
			isa = PBXGroup;
			children = (
				15FE2EF1184AFBAC00D00F92 /* ShogiBoardTests.m */,
				15FE2EEC184AFBAC00D00F92 /* Supporting Files */,
			);
			path = ShogiBoardTests;
			sourceTree = "<group>";
		};
		15FE2EEC184AFBAC00D00F92 /* Supporting Files */ = {
			isa = PBXGroup;
			children = (
				15FE2EED184AFBAC00D00F92 /* ShogiBoardTests-Info.plist */,
				15FE2EEE184AFBAC00D00F92 /* InfoPlist.strings */,
			);
			name = "Supporting Files";
			sourceTree = "<group>";
		};
		15FE2EFB184AFBF800D00F92 /* Controller */ = {
			isa = PBXGroup;
			children = (
				15FE2EFE184AFD3900D00F92 /* KFTitleViewController.h */,
				15FE2EFF184AFD3900D00F92 /* KFTitleViewController.m */,
				15FE2F00184AFD3900D00F92 /* KFTitleViewController.xib */,
				15FE2F03184B011A00D00F92 /* KFBoardViewController.h */,
				15FE2F04184B011A00D00F92 /* KFBoardViewController.m */,
				15FE2F05184B011A00D00F92 /* KFBoardViewController.xib */,
			);
			name = Controller;
			sourceTree = "<group>";
		};
		15FE2EFC184AFBFE00D00F92 /* View */ = {
			isa = PBXGroup;
			children = (
				1512EE121865A21E00A9BA0B /* KFSquareButton.h */,
				1512EE131865A21E00A9BA0B /* KFSquareButton.m */,
				1512EE4C186AE58E00A9BA0B /* KFCapturedPieceButton.h */,
				1512EE4D186AE58E00A9BA0B /* KFCapturedPieceButton.m */,
			);
			name = View;
			sourceTree = "<group>";
		};
		15FE2EFD184AFC0300D00F92 /* Model */ = {
			isa = PBXGroup;
			children = (
				1512EE1B1865D7ED00A9BA0B /* KFFu.h */,
				1512EE1C1865D7ED00A9BA0B /* KFFu.m */,
				1512EE24186690F300A9BA0B /* KFGin.h */,
				1512EE25186690F300A9BA0B /* KFGin.m */,
				1512EE2A1866915600A9BA0B /* KFGyoku.h */,
				1512EE2B1866915600A9BA0B /* KFGyoku.m */,
				1512EE2D1866918000A9BA0B /* KFHisha.h */,
				1512EE2E1866918000A9BA0B /* KFHisha.m */,
				1512EE181865D2EE00A9BA0B /* KFKaku.h */,
				1512EE191865D2EE00A9BA0B /* KFKaku.m */,
				1512EE21186690C300A9BA0B /* KFKeima.h */,
				1512EE22186690C300A9BA0B /* KFKeima.m */,
				1512EE271866912F00A9BA0B /* KFKin.h */,
				1512EE281866912F00A9BA0B /* KFKin.m */,
				1512EE1E18668F4500A9BA0B /* KFKyosha.h */,
				1512EE1F18668F4500A9BA0B /* KFKyosha.m */,
				1512EE52186FD2F900A9BA0B /* KFNarigin.h */,
				1512EE53186FD2F900A9BA0B /* KFNarigin.m */,
				1512EE55186FD30900A9BA0B /* KFNarikei.h */,
				1512EE56186FD30900A9BA0B /* KFNarikei.m */,
				1512EE58186FD31600A9BA0B /* KFNarikyo.h */,
				1512EE59186FD31600A9BA0B /* KFNarikyo.m */,
				1512EE151865C5A900A9BA0B /* KFPiece.h */,
				1512EE161865C5A900A9BA0B /* KFPiece.m */,
				1512EE5E186FD33500A9BA0B /* KFRyu.h */,
				1512EE5F186FD33500A9BA0B /* KFRyu.m */,
				1512EE4F186FCFF800A9BA0B /* KFTokin.h */,
				1512EE50186FCFF800A9BA0B /* KFTokin.m */,
				1512EE5B186FD32900A9BA0B /* KFUma.h */,
				1512EE5C186FD32900A9BA0B /* KFUma.m */,
			);
			name = Model;
			sourceTree = "<group>";
		};
		15FE2F08184B028300D00F92 /* Resources */ = {
			isa = PBXGroup;
			children = (
				15B46B5B1872584200FDDD0F /* Default-568h@2x.png */,
				15B46B591872578D00FDDD0F /* Icon.png */,
				15EB85611880DAC700675C17 /* Icon@2x.png */,
				15FE2F0C184B05F900D00F92 /* Board */,
				15FE2F0B184B05D500D00F92 /* Piece */,
			);
			name = Resources;
			sourceTree = "<group>";
		};
		15FE2F0B184B05D500D00F92 /* Piece */ = {
			isa = PBXGroup;
			children = (
				15FE2F0D184B088E00D00F92 /* g_fu.png */,
				15FE2F0E184B088E00D00F92 /* g_gin.png */,
				15FE2F0F184B088E00D00F92 /* g_gyoku.png */,
				15FE2F49184B209600D00F92 /* g_hisha.png */,
				15FE2F11184B088E00D00F92 /* g_kaku.png */,
				15FE2F12184B088E00D00F92 /* g_kei.png */,
				15FE2F13184B088E00D00F92 /* g_kin.png */,
				15FE2F14184B088E00D00F92 /* g_kyo.png */,
				15FE2F15184B088E00D00F92 /* g_narigin.png */,
				15FE2F16184B088E00D00F92 /* g_narikei.png */,
				15FE2F17184B088E00D00F92 /* g_narikyo.png */,
				15FE2F18184B088E00D00F92 /* g_ou.png */,
				15FE2F19184B088E00D00F92 /* g_ryu.png */,
				15FE2F1A184B088E00D00F92 /* g_to.png */,
				15FE2F1B184B088E00D00F92 /* g_uma.png */,
				15FE2F1C184B088E00D00F92 /* s_fu.png */,
				15FE2F1D184B088E00D00F92 /* s_gin.png */,
				15FE2F1E184B088E00D00F92 /* s_gyoku.png */,
				15FE2F1F184B088E00D00F92 /* s_hisha.png */,
				15FE2F20184B088E00D00F92 /* s_kaku.png */,
				15FE2F21184B088E00D00F92 /* s_kei.png */,
				15FE2F22184B088E00D00F92 /* s_kin.png */,
				15FE2F23184B088E00D00F92 /* s_kyo.png */,
				15FE2F24184B088E00D00F92 /* s_narigin.png */,
				15FE2F25184B088E00D00F92 /* s_narikei.png */,
				15FE2F26184B088E00D00F92 /* s_narikyo.png */,
				15FE2F27184B088E00D00F92 /* s_ou.png */,
				15FE2F28184B088E00D00F92 /* s_ryu.png */,
				15FE2F29184B088E00D00F92 /* s_to.png */,
				15FE2F2A184B088E00D00F92 /* s_uma.png */,
			);
			name = Piece;
			sourceTree = "<group>";
		};
		15FE2F0C184B05F900D00F92 /* Board */ = {
			isa = PBXGroup;
			children = (
				15FE2F09184B02BA00D00F92 /* japanese-chess-b02.jpg */,
			);
			name = Board;
			sourceTree = "<group>";
		};
/* End PBXGroup section */

/* Begin PBXNativeTarget section */
		15FE2EC2184AFBAC00D00F92 /* ShogiBoard */ = {
			isa = PBXNativeTarget;
			buildConfigurationList = 15FE2EF5184AFBAC00D00F92 /* Build configuration list for PBXNativeTarget "ShogiBoard" */;
			buildPhases = (
				15FE2EBF184AFBAC00D00F92 /* Sources */,
				15FE2EC0184AFBAC00D00F92 /* Frameworks */,
				15FE2EC1184AFBAC00D00F92 /* Resources */,
			);
			buildRules = (
			);
			dependencies = (
			);
			name = ShogiBoard;
			productName = Kifoo;
			productReference = 15FE2EC3184AFBAC00D00F92 /* ShogiBoard.app */;
			productType = "com.apple.product-type.application";
		};
		15FE2EE3184AFBAC00D00F92 /* ShogiBoardTests */ = {
			isa = PBXNativeTarget;
			buildConfigurationList = 15FE2EF8184AFBAC00D00F92 /* Build configuration list for PBXNativeTarget "ShogiBoardTests" */;
			buildPhases = (
				15FE2EE0184AFBAC00D00F92 /* Sources */,
				15FE2EE1184AFBAC00D00F92 /* Frameworks */,
				15FE2EE2184AFBAC00D00F92 /* Resources */,
			);
			buildRules = (
			);
			dependencies = (
				15FE2EEA184AFBAC00D00F92 /* PBXTargetDependency */,
			);
			name = ShogiBoardTests;
			productName = KifooTests;
			productReference = 15FE2EE4184AFBAC00D00F92 /* ShogiBoardTests.xctest */;
			productType = "com.apple.product-type.bundle.unit-test";
		};
/* End PBXNativeTarget section */

/* Begin PBXProject section */
		15FE2EBB184AFBAC00D00F92 /* Project object */ = {
			isa = PBXProject;
			attributes = {
				CLASSPREFIX = KF;
				LastUpgradeCheck = 0500;
				ORGANIZATIONNAME = "Kifoo, Inc";
				TargetAttributes = {
					15FE2EC2184AFBAC00D00F92 = {
						DevelopmentTeam = 6ED2NMHHUU;
					};
					15FE2EE3184AFBAC00D00F92 = {
						TestTargetID = 15FE2EC2184AFBAC00D00F92;
					};
				};
			};
			buildConfigurationList = 15FE2EBE184AFBAC00D00F92 /* Build configuration list for PBXProject "ShogiBoard" */;
			compatibilityVersion = "Xcode 3.2";
			developmentRegion = English;
			hasScannedForEncodings = 0;
			knownRegions = (
				en,
				Base,
			);
			mainGroup = 15FE2EBA184AFBAC00D00F92;
			productRefGroup = 15FE2EC4184AFBAC00D00F92 /* Products */;
			projectDirPath = "";
			projectRoot = "";
			targets = (
				15FE2EC2184AFBAC00D00F92 /* ShogiBoard */,
				15FE2EE3184AFBAC00D00F92 /* ShogiBoardTests */,
			);
		};
/* End PBXProject section */

/* Begin PBXResourcesBuildPhase section */
		15FE2EC1184AFBAC00D00F92 /* Resources */ = {
			isa = PBXResourcesBuildPhase;
			buildActionMask = 2147483647;
			files = (
				15B46B5A1872578D00FDDD0F /* Icon.png in Resources */,
				15FE2F02184AFD3900D00F92 /* KFTitleViewController.xib in Resources */,
				15FE2F44184B088E00D00F92 /* s_narikyo.png in Resources */,
				15B46B5C1872584200FDDD0F /* Default-568h@2x.png in Resources */,
				15FE2EDF184AFBAC00D00F92 /* Images.xcassets in Resources */,
				15FE2F35184B088E00D00F92 /* g_narikyo.png in Resources */,
				15FE2F4A184B209600D00F92 /* g_hisha.png in Resources */,
				15FE2F3B184B088E00D00F92 /* s_gin.png in Resources */,
				15FE2F48184B088E00D00F92 /* s_uma.png in Resources */,
				15FE2F3D184B088E00D00F92 /* s_hisha.png in Resources */,
				15FE2F2B184B088E00D00F92 /* g_fu.png in Resources */,
				15FE2F3F184B088E00D00F92 /* s_kei.png in Resources */,
				15FE2F3E184B088E00D00F92 /* s_kaku.png in Resources */,
				15FE2F43184B088E00D00F92 /* s_narikei.png in Resources */,
				15FE2F46184B088E00D00F92 /* s_ryu.png in Resources */,
				15EB85621880DAC700675C17 /* Icon@2x.png in Resources */,
				15FE2F3C184B088E00D00F92 /* s_gyoku.png in Resources */,
				15FE2F32184B088E00D00F92 /* g_kyo.png in Resources */,
				15FE2F31184B088E00D00F92 /* g_kin.png in Resources */,
				15FE2F2D184B088E00D00F92 /* g_gyoku.png in Resources */,
				15FE2F42184B088E00D00F92 /* s_narigin.png in Resources */,
				15FE2F34184B088E00D00F92 /* g_narikei.png in Resources */,
				15FE2F47184B088E00D00F92 /* s_to.png in Resources */,
				15FE2F45184B088E00D00F92 /* s_ou.png in Resources */,
				15FE2F39184B088E00D00F92 /* g_uma.png in Resources */,
				15FE2F2F184B088E00D00F92 /* g_kaku.png in Resources */,
				15FE2F3A184B088E00D00F92 /* s_fu.png in Resources */,
				15FE2F41184B088E00D00F92 /* s_kyo.png in Resources */,
				15FE2F40184B088E00D00F92 /* s_kin.png in Resources */,
				15FE2F37184B088E00D00F92 /* g_ryu.png in Resources */,
				15FE2F36184B088E00D00F92 /* g_ou.png in Resources */,
				15FE2F38184B088E00D00F92 /* g_to.png in Resources */,
				15FE2F2C184B088E00D00F92 /* g_gin.png in Resources */,
				15FE2F07184B011A00D00F92 /* KFBoardViewController.xib in Resources */,
				15FE2F30184B088E00D00F92 /* g_kei.png in Resources */,
				15FE2ED1184AFBAC00D00F92 /* InfoPlist.strings in Resources */,
				15FE2F33184B088E00D00F92 /* g_narigin.png in Resources */,
				15FE2F0A184B02BA00D00F92 /* japanese-chess-b02.jpg in Resources */,
			);
			runOnlyForDeploymentPostprocessing = 0;
		};
		15FE2EE2184AFBAC00D00F92 /* Resources */ = {
			isa = PBXResourcesBuildPhase;
			buildActionMask = 2147483647;
			files = (
				15FE2EF0184AFBAC00D00F92 /* InfoPlist.strings in Resources */,
			);
			runOnlyForDeploymentPostprocessing = 0;
		};
/* End PBXResourcesBuildPhase section */

/* Begin PBXSourcesBuildPhase section */
		15FE2EBF184AFBAC00D00F92 /* Sources */ = {
			isa = PBXSourcesBuildPhase;
			buildActionMask = 2147483647;
			files = (
				1512EE1A1865D2EE00A9BA0B /* KFKaku.m in Sources */,
				15FE2F01184AFD3900D00F92 /* KFTitleViewController.m in Sources */,
				15FE2F06184B011A00D00F92 /* KFBoardViewController.m in Sources */,
				1512EE1D1865D7ED00A9BA0B /* KFFu.m in Sources */,
				1512EE5A186FD31600A9BA0B /* KFNarikyo.m in Sources */,
				1512EE291866912F00A9BA0B /* KFKin.m in Sources */,
				1512EE5D186FD32900A9BA0B /* KFUma.m in Sources */,
				1512EE2018668F4500A9BA0B /* KFKyosha.m in Sources */,
				15FE2EDD184AFBAC00D00F92 /* KFViewController.m in Sources */,
				1512EE57186FD30900A9BA0B /* KFNarikei.m in Sources */,
				15FE2ED3184AFBAC00D00F92 /* main.m in Sources */,
				15FE2ED7184AFBAC00D00F92 /* KFAppDelegate.m in Sources */,
				1512EE2F1866918000A9BA0B /* KFHisha.m in Sources */,
				1512EE51186FCFF800A9BA0B /* KFTokin.m in Sources */,
				1512EE23186690C300A9BA0B /* KFKeima.m in Sources */,
				1512EE2C1866915600A9BA0B /* KFGyoku.m in Sources */,
				1512EE26186690F300A9BA0B /* KFGin.m in Sources */,
				1512EE4E186AE58E00A9BA0B /* KFCapturedPieceButton.m in Sources */,
				1512EE141865A21E00A9BA0B /* KFSquareButton.m in Sources */,
				1512EE60186FD33600A9BA0B /* KFRyu.m in Sources */,
				1512EE171865C5A900A9BA0B /* KFPiece.m in Sources */,
				1512EE54186FD2F900A9BA0B /* KFNarigin.m in Sources */,
			);
			runOnlyForDeploymentPostprocessing = 0;
		};
		15FE2EE0184AFBAC00D00F92 /* Sources */ = {
			isa = PBXSourcesBuildPhase;
			buildActionMask = 2147483647;
			files = (
				15FE2EF2184AFBAC00D00F92 /* ShogiBoardTests.m in Sources */,
			);
			runOnlyForDeploymentPostprocessing = 0;
		};
/* End PBXSourcesBuildPhase section */

/* Begin PBXTargetDependency section */
		15FE2EEA184AFBAC00D00F92 /* PBXTargetDependency */ = {
			isa = PBXTargetDependency;
			target = 15FE2EC2184AFBAC00D00F92 /* ShogiBoard */;
			targetProxy = 15FE2EE9184AFBAC00D00F92 /* PBXContainerItemProxy */;
		};
/* End PBXTargetDependency section */

/* Begin PBXVariantGroup section */
		15FE2ECF184AFBAC00D00F92 /* InfoPlist.strings */ = {
			isa = PBXVariantGroup;
			children = (
				15FE2ED0184AFBAC00D00F92 /* en */,
			);
			name = InfoPlist.strings;
			sourceTree = "<group>";
		};
		15FE2EEE184AFBAC00D00F92 /* InfoPlist.strings */ = {
			isa = PBXVariantGroup;
			children = (
				15FE2EEF184AFBAC00D00F92 /* en */,
			);
			name = InfoPlist.strings;
			sourceTree = "<group>";
		};
/* End PBXVariantGroup section */

/* Begin XCBuildConfiguration section */
		15FE2EF3184AFBAC00D00F92 /* Debug */ = {
			isa = XCBuildConfiguration;
			buildSettings = {
				ALWAYS_SEARCH_USER_PATHS = NO;
				ARCHS = "$(ARCHS_STANDARD_INCLUDING_64_BIT)";
				CLANG_CXX_LANGUAGE_STANDARD = "gnu++0x";
				CLANG_CXX_LIBRARY = "libc++";
				CLANG_ENABLE_MODULES = YES;
				CLANG_ENABLE_OBJC_ARC = YES;
				CLANG_WARN_BOOL_CONVERSION = YES;
				CLANG_WARN_CONSTANT_CONVERSION = YES;
				CLANG_WARN_DIRECT_OBJC_ISA_USAGE = YES_ERROR;
				CLANG_WARN_EMPTY_BODY = YES;
				CLANG_WARN_ENUM_CONVERSION = YES;
				CLANG_WARN_INT_CONVERSION = YES;
				CLANG_WARN_OBJC_ROOT_CLASS = YES_ERROR;
				CLANG_WARN__DUPLICATE_METHOD_MATCH = YES;
				"CODE_SIGN_IDENTITY[sdk=iphoneos*]" = "iPhone Developer";
				COPY_PHASE_STRIP = NO;
				GCC_C_LANGUAGE_STANDARD = gnu99;
				GCC_DYNAMIC_NO_PIC = NO;
				GCC_OPTIMIZATION_LEVEL = 0;
				GCC_PREPROCESSOR_DEFINITIONS = (
					"DEBUG=1",
					"$(inherited)",
				);
				GCC_SYMBOLS_PRIVATE_EXTERN = NO;
				GCC_WARN_64_TO_32_BIT_CONVERSION = YES;
				GCC_WARN_ABOUT_RETURN_TYPE = YES_ERROR;
				GCC_WARN_UNDECLARED_SELECTOR = YES;
				GCC_WARN_UNINITIALIZED_AUTOS = YES;
				GCC_WARN_UNUSED_FUNCTION = YES;
				GCC_WARN_UNUSED_VARIABLE = YES;
				IPHONEOS_DEPLOYMENT_TARGET = 7.0;
				ONLY_ACTIVE_ARCH = YES;
				SDKROOT = iphoneos;
			};
			name = Debug;
		};
		15FE2EF4184AFBAC00D00F92 /* Release */ = {
			isa = XCBuildConfiguration;
			buildSettings = {
				ALWAYS_SEARCH_USER_PATHS = NO;
				ARCHS = "$(ARCHS_STANDARD_INCLUDING_64_BIT)";
				CLANG_CXX_LANGUAGE_STANDARD = "gnu++0x";
				CLANG_CXX_LIBRARY = "libc++";
				CLANG_ENABLE_MODULES = YES;
				CLANG_ENABLE_OBJC_ARC = YES;
				CLANG_WARN_BOOL_CONVERSION = YES;
				CLANG_WARN_CONSTANT_CONVERSION = YES;
				CLANG_WARN_DIRECT_OBJC_ISA_USAGE = YES_ERROR;
				CLANG_WARN_EMPTY_BODY = YES;
				CLANG_WARN_ENUM_CONVERSION = YES;
				CLANG_WARN_INT_CONVERSION = YES;
				CLANG_WARN_OBJC_ROOT_CLASS = YES_ERROR;
				CLANG_WARN__DUPLICATE_METHOD_MATCH = YES;
				"CODE_SIGN_IDENTITY[sdk=iphoneos*]" = "iPhone Developer";
				COPY_PHASE_STRIP = YES;
				ENABLE_NS_ASSERTIONS = NO;
				GCC_C_LANGUAGE_STANDARD = gnu99;
				GCC_WARN_64_TO_32_BIT_CONVERSION = YES;
				GCC_WARN_ABOUT_RETURN_TYPE = YES_ERROR;
				GCC_WARN_UNDECLARED_SELECTOR = YES;
				GCC_WARN_UNINITIALIZED_AUTOS = YES;
				GCC_WARN_UNUSED_FUNCTION = YES;
				GCC_WARN_UNUSED_VARIABLE = YES;
				IPHONEOS_DEPLOYMENT_TARGET = 7.0;
				SDKROOT = iphoneos;
				VALIDATE_PRODUCT = YES;
			};
			name = Release;
		};
		15FE2EF6184AFBAC00D00F92 /* Debug */ = {
			isa = XCBuildConfiguration;
			buildSettings = {
				ASSETCATALOG_COMPILER_APPICON_NAME = AppIcon;
				ASSETCATALOG_COMPILER_LAUNCHIMAGE_NAME = LaunchImage;
				CODE_SIGN_IDENTITY = "iPhone Distribution: Kazuya Maeda (6ED2NMHHUU)";
				"CODE_SIGN_IDENTITY[sdk=iphoneos*]" = "iPhone Developer";
				GCC_PRECOMPILE_PREFIX_HEADER = YES;
				GCC_PREFIX_HEADER = "ShogiBoard/ShogiBoard-Prefix.pch";
				INFOPLIST_FILE = "ShogiBoard/ShogiBoard-Info.plist";
				IPHONEOS_DEPLOYMENT_TARGET = 6.0;
				PRODUCT_NAME = ShogiBoard;
				PROVISIONING_PROFILE = "";
				WRAPPER_EXTENSION = app;
			};
			name = Debug;
		};
		15FE2EF7184AFBAC00D00F92 /* Release */ = {
			isa = XCBuildConfiguration;
			buildSettings = {
				ASSETCATALOG_COMPILER_APPICON_NAME = AppIcon;
				ASSETCATALOG_COMPILER_LAUNCHIMAGE_NAME = LaunchImage;
				CODE_SIGN_IDENTITY = "iPhone Distribution: Kazuya Maeda (6ED2NMHHUU)";
				"CODE_SIGN_IDENTITY[sdk=iphoneos*]" = "iPhone Distribution";
				GCC_PRECOMPILE_PREFIX_HEADER = YES;
				GCC_PREFIX_HEADER = "ShogiBoard/ShogiBoard-Prefix.pch";
				INFOPLIST_FILE = "ShogiBoard/ShogiBoard-Info.plist";
				IPHONEOS_DEPLOYMENT_TARGET = 6.0;
				PRODUCT_NAME = ShogiBoard;
				PROVISIONING_PROFILE = "";
				WRAPPER_EXTENSION = app;
			};
			name = Release;
		};
		15FE2EF9184AFBAC00D00F92 /* Debug */ = {
			isa = XCBuildConfiguration;
			buildSettings = {
				ARCHS = "$(ARCHS_STANDARD_INCLUDING_64_BIT)";
				BUNDLE_LOADER = "$(BUILT_PRODUCTS_DIR)/Kifoo.app/Kifoo";
				FRAMEWORK_SEARCH_PATHS = (
					"$(SDKROOT)/Developer/Library/Frameworks",
					"$(inherited)",
					"$(DEVELOPER_FRAMEWORKS_DIR)",
				);
				GCC_PRECOMPILE_PREFIX_HEADER = YES;
				GCC_PREFIX_HEADER = "Kifoo/Kifoo-Prefix.pch";
				GCC_PREPROCESSOR_DEFINITIONS = (
					"DEBUG=1",
					"$(inherited)",
				);
				INFOPLIST_FILE = "KifooTests/ShogiBoardTests-Info.plist";
				PRODUCT_NAME = ShogiBoardTests;
				TEST_HOST = "$(BUNDLE_LOADER)";
				WRAPPER_EXTENSION = xctest;
			};
			name = Debug;
		};
		15FE2EFA184AFBAC00D00F92 /* Release */ = {
			isa = XCBuildConfiguration;
			buildSettings = {
				ARCHS = "$(ARCHS_STANDARD_INCLUDING_64_BIT)";
				BUNDLE_LOADER = "$(BUILT_PRODUCTS_DIR)/Kifoo.app/Kifoo";
				FRAMEWORK_SEARCH_PATHS = (
					"$(SDKROOT)/Developer/Library/Frameworks",
					"$(inherited)",
					"$(DEVELOPER_FRAMEWORKS_DIR)",
				);
				GCC_PRECOMPILE_PREFIX_HEADER = YES;
				GCC_PREFIX_HEADER = "Kifoo/Kifoo-Prefix.pch";
				INFOPLIST_FILE = "KifooTests/ShogiBoardTests-Info.plist";
				PRODUCT_NAME = ShogiBoardTests;
				TEST_HOST = "$(BUNDLE_LOADER)";
				WRAPPER_EXTENSION = xctest;
			};
			name = Release;
		};
/* End XCBuildConfiguration section */

/* Begin XCConfigurationList section */
		15FE2EBE184AFBAC00D00F92 /* Build configuration list for PBXProject "ShogiBoard" */ = {
			isa = XCConfigurationList;
			buildConfigurations = (
				15FE2EF3184AFBAC00D00F92 /* Debug */,
				15FE2EF4184AFBAC00D00F92 /* Release */,
			);
			defaultConfigurationIsVisible = 0;
			defaultConfigurationName = Release;
		};
		15FE2EF5184AFBAC00D00F92 /* Build configuration list for PBXNativeTarget "ShogiBoard" */ = {
			isa = XCConfigurationList;
			buildConfigurations = (
				15FE2EF6184AFBAC00D00F92 /* Debug */,
				15FE2EF7184AFBAC00D00F92 /* Release */,
			);
			defaultConfigurationIsVisible = 0;
			defaultConfigurationName = Release;
		};
		15FE2EF8184AFBAC00D00F92 /* Build configuration list for PBXNativeTarget "ShogiBoardTests" */ = {
			isa = XCConfigurationList;
			buildConfigurations = (
				15FE2EF9184AFBAC00D00F92 /* Debug */,
				15FE2EFA184AFBAC00D00F92 /* Release */,
			);
			defaultConfigurationIsVisible = 0;
			defaultConfigurationName = Release;
		};
/* End XCConfigurationList section */
	};
	rootObject = 15FE2EBB184AFBAC00D00F92 /* Project object */;
}
